
Microsoft Visual Studio Solution File, Format Version 12.00
# Visual Studio 14
VisualStudioVersion = 14.0.25420.1
MinimumVisualStudioVersion = 10.0.40219.1
Project("{FAE04EC0-301F-11D3-BF4B-00C04F79EFBC}") = "MSTLNative", "MSTLNative\MSTLNative\MSTLNative.csproj", "{863E36D7-783F-45AD-AD99-AF9CE19FFF94}"
EndProject
Project("{FAE04EC0-301F-11D3-BF4B-00C04F79EFBC}") = "MSTLNative.Droid", "MSTLNative\MSTLNative.Droid\MSTLNative.Droid.csproj", "{CBD5A0F5-7921-4E97-9667-A7020D49A715}"
EndProject
Project("{FAE04EC0-301F-11D3-BF4B-00C04F79EFBC}") = "MSTLNative.iOS", "MSTLNative\MSTLNative.iOS\MSTLNative.iOS.csproj", "{396D8D1A-E297-43DF-9F1C-22980B4C54E5}"
EndProject
Project("{FAE04EC0-301F-11D3-BF4B-00C04F79EFBC}") = "MSTLNative.WinPhone", "MSTLNative\MSTLNative.WinPhone\MSTLNative.WinPhone.csproj", "{F53EE0A8-B7F8-485A-BFB7-AD504D9967C0}"
EndProject
Project("{FAE04EC0-301F-11D3-BF4B-00C04F79EFBC}") = "MSTLNative.UWP", "MSTLNative\MSTLNative.UWP\MSTLNative.UWP.csproj", "{7D9FD1D8-C6F0-4CBC-A30D-8397E0D842FF}"
EndProject
Project("{FAE04EC0-301F-11D3-BF4B-00C04F79EFBC}") = "MSTLNative.Windows", "MSTLNative\MSTLNative.Windows\MSTLNative.Windows.csproj", "{E536B07B-F77C-4F03-AF87-24857099E161}"
EndProject
Global
	GlobalSection(SolutionConfigurationPlatforms) = preSolution
		Ad-Hoc|Any CPU = Ad-Hoc|Any CPU
		Ad-Hoc|ARM = Ad-Hoc|ARM
		Ad-Hoc|iPhone = Ad-Hoc|iPhone
		Ad-Hoc|iPhoneSimulator = Ad-Hoc|iPhoneSimulator
		Ad-Hoc|x64 = Ad-Hoc|x64
		Ad-Hoc|x86 = Ad-Hoc|x86
		AppStore|Any CPU = AppStore|Any CPU
		AppStore|ARM = AppStore|ARM
		AppStore|iPhone = AppStore|iPhone
		AppStore|iPhoneSimulator = AppStore|iPhoneSimulator
		AppStore|x64 = AppStore|x64
		AppStore|x86 = AppStore|x86
		Debug|Any CPU = Debug|Any CPU
		Debug|ARM = Debug|ARM
		Debug|iPhone = Debug|iPhone
		Debug|iPhoneSimulator = Debug|iPhoneSimulator
		Debug|x64 = Debug|x64
		Debug|x86 = Debug|x86
		Release|Any CPU = Release|Any CPU
		Release|ARM = Release|ARM
		Release|iPhone = Release|iPhone
		Release|iPhoneSimulator = Release|iPhoneSimulator
		Release|x64 = Release|x64
		Release|x86 = Release|x86
	EndGlobalSection
	GlobalSection(ProjectConfigurationPlatforms) = postSolution
		{863E36D7-783F-45AD-AD99-AF9CE19FFF94}.Ad-Hoc|Any CPU.ActiveCfg = Release|Any CPU
		{863E36D7-783F-45AD-AD99-AF9CE19FFF94}.Ad-Hoc|Any CPU.Build.0 = Release|Any CPU
		{863E36D7-783F-45AD-AD99-AF9CE19FFF94}.Ad-Hoc|ARM.ActiveCfg = Release|Any CPU
		{863E36D7-783F-45AD-AD99-AF9CE19FFF94}.Ad-Hoc|ARM.Build.0 = Release|Any CPU
		{863E36D7-783F-45AD-AD99-AF9CE19FFF94}.Ad-Hoc|iPhone.ActiveCfg = Release|Any CPU
		{863E36D7-783F-45AD-AD99-AF9CE19FFF94}.Ad-Hoc|iPhone.Build.0 = Release|Any CPU
		{863E36D7-783F-45AD-AD99-AF9CE19FFF94}.Ad-Hoc|iPhoneSimulator.ActiveCfg = Release|Any CPU
		{863E36D7-783F-45AD-AD99-AF9CE19FFF94}.Ad-Hoc|iPhoneSimulator.Build.0 = Release|Any CPU
		{863E36D7-783F-45AD-AD99-AF9CE19FFF94}.Ad-Hoc|x64.ActiveCfg = Release|Any CPU
		{863E36D7-783F-45AD-AD99-AF9CE19FFF94}.Ad-Hoc|x64.Build.0 = Release|Any CPU
		{863E36D7-783F-45AD-AD99-AF9CE19FFF94}.Ad-Hoc|x86.ActiveCfg = Release|Any CPU
		{863E36D7-783F-45AD-AD99-AF9CE19FFF94}.Ad-Hoc|x86.Build.0 = Release|Any CPU
		{863E36D7-783F-45AD-AD99-AF9CE19FFF94}.AppStore|Any CPU.ActiveCfg = Release|Any CPU
		{863E36D7-783F-45AD-AD99-AF9CE19FFF94}.AppStore|Any CPU.Build.0 = Release|Any CPU
		{863E36D7-783F-45AD-AD99-AF9CE19FFF94}.AppStore|ARM.ActiveCfg = Release|Any CPU
		{863E36D7-783F-45AD-AD99-AF9CE19FFF94}.AppStore|ARM.Build.0 = Release|Any CPU
		{863E36D7-783F-45AD-AD99-AF9CE19FFF94}.AppStore|iPhone.ActiveCfg = Release|Any CPU
		{863E36D7-783F-45AD-AD99-AF9CE19FFF94}.AppStore|iPhone.Build.0 = Release|Any CPU
		{863E36D7-783F-45AD-AD99-AF9CE19FFF94}.AppStore|iPhoneSimulator.ActiveCfg = Release|Any CPU
		{863E36D7-783F-45AD-AD99-AF9CE19FFF94}.AppStore|iPhoneSimulator.Build.0 = Release|Any CPU
		{863E36D7-783F-45AD-AD99-AF9CE19FFF94}.AppStore|x64.ActiveCfg = Release|Any CPU
		{863E36D7-783F-45AD-AD99-AF9CE19FFF94}.AppStore|x64.Build.0 = Release|Any CPU
		{863E36D7-783F-45AD-AD99-AF9CE19FFF94}.AppStore|x86.ActiveCfg = Release|Any CPU
		{863E36D7-783F-45AD-AD99-AF9CE19FFF94}.AppStore|x86.Build.0 = Release|Any CPU
		{863E36D7-783F-45AD-AD99-AF9CE19FFF94}.Debug|Any CPU.ActiveCfg = Debug|Any CPU
		{863E36D7-783F-45AD-AD99-AF9CE19FFF94}.Debug|Any CPU.Build.0 = Debug|Any CPU
		{863E36D7-783F-45AD-AD99-AF9CE19FFF94}.Debug|ARM.ActiveCfg = Debug|Any CPU
		{863E36D7-783F-45AD-AD99-AF9CE19FFF94}.Debug|ARM.Build.0 = Debug|Any CPU
		{863E36D7-783F-45AD-AD99-AF9CE19FFF94}.Debug|iPhone.ActiveCfg = Debug|Any CPU
		{863E36D7-783F-45AD-AD99-AF9CE19FFF94}.Debug|iPhone.Build.0 = Debug|Any CPU
		{863E36D7-783F-45AD-AD99-AF9CE19FFF94}.Debug|iPhoneSimulator.ActiveCfg = Debug|Any CPU
		{863E36D7-783F-45AD-AD99-AF9CE19FFF94}.Debug|iPhoneSimulator.Build.0 = Debug|Any CPU
		{863E36D7-783F-45AD-AD99-AF9CE19FFF94}.Debug|x64.ActiveCfg = Debug|Any CPU
		{863E36D7-783F-45AD-AD99-AF9CE19FFF94}.Debug|x64.Build.0 = Debug|Any CPU
		{863E36D7-783F-45AD-AD99-AF9CE19FFF94}.Debug|x86.ActiveCfg = Debug|Any CPU
		{863E36D7-783F-45AD-AD99-AF9CE19FFF94}.Debug|x86.Build.0 = Debug|Any CPU
		{863E36D7-783F-45AD-AD99-AF9CE19FFF94}.Release|Any CPU.ActiveCfg = Release|Any CPU
		{863E36D7-783F-45AD-AD99-AF9CE19FFF94}.Release|Any CPU.Build.0 = Release|Any CPU
		{863E36D7-783F-45AD-AD99-AF9CE19FFF94}.Release|ARM.ActiveCfg = Release|Any CPU
		{863E36D7-783F-45AD-AD99-AF9CE19FFF94}.Release|ARM.Build.0 = Release|Any CPU
		{863E36D7-783F-45AD-AD99-AF9CE19FFF94}.Release|iPhone.ActiveCfg = Release|Any CPU
		{863E36D7-783F-45AD-AD99-AF9CE19FFF94}.Release|iPhone.Build.0 = Release|Any CPU
		{863E36D7-783F-45AD-AD99-AF9CE19FFF94}.Release|iPhoneSimulator.ActiveCfg = Release|Any CPU
		{863E36D7-783F-45AD-AD99-AF9CE19FFF94}.Release|iPhoneSimulator.Build.0 = Release|Any CPU
		{863E36D7-783F-45AD-AD99-AF9CE19FFF94}.Release|x64.ActiveCfg = Release|Any CPU
		{863E36D7-783F-45AD-AD99-AF9CE19FFF94}.Release|x64.Build.0 = Release|Any CPU
		{863E36D7-783F-45AD-AD99-AF9CE19FFF94}.Release|x86.ActiveCfg = Release|Any CPU
		{863E36D7-783F-45AD-AD99-AF9CE19FFF94}.Release|x86.Build.0 = Release|Any CPU
		{CBD5A0F5-7921-4E97-9667-A7020D49A715}.Ad-Hoc|Any CPU.ActiveCfg = Release|Any CPU
		{CBD5A0F5-7921-4E97-9667-A7020D49A715}.Ad-Hoc|Any CPU.Build.0 = Release|Any CPU
		{CBD5A0F5-7921-4E97-9667-A7020D49A715}.Ad-Hoc|Any CPU.Deploy.0 = Release|Any CPU
		{CBD5A0F5-7921-4E97-9667-A7020D49A715}.Ad-Hoc|ARM.ActiveCfg = Release|Any CPU
		{CBD5A0F5-7921-4E97-9667-A7020D49A715}.Ad-Hoc|ARM.Build.0 = Release|Any CPU
		{CBD5A0F5-7921-4E97-9667-A7020D49A715}.Ad-Hoc|ARM.Deploy.0 = Release|Any CPU
		{CBD5A0F5-7921-4E97-9667-A7020D49A715}.Ad-Hoc|iPhone.ActiveCfg = Release|Any CPU
		{CBD5A0F5-7921-4E97-9667-A7020D49A715}.Ad-Hoc|iPhone.Build.0 = Release|Any CPU
		{CBD5A0F5-7921-4E97-9667-A7020D49A715}.Ad-Hoc|iPhone.Deploy.0 = Release|Any CPU
		{CBD5A0F5-7921-4E97-9667-A7020D49A715}.Ad-Hoc|iPhoneSimulator.ActiveCfg = Release|Any CPU
		{CBD5A0F5-7921-4E97-9667-A7020D49A715}.Ad-Hoc|iPhoneSimulator.Build.0 = Release|Any CPU
		{CBD5A0F5-7921-4E97-9667-A7020D49A715}.Ad-Hoc|iPhoneSimulator.Deploy.0 = Release|Any CPU
		{CBD5A0F5-7921-4E97-9667-A7020D49A715}.Ad-Hoc|x64.ActiveCfg = Release|Any CPU
		{CBD5A0F5-7921-4E97-9667-A7020D49A715}.Ad-Hoc|x64.Build.0 = Release|Any CPU
		{CBD5A0F5-7921-4E97-9667-A7020D49A715}.Ad-Hoc|x64.Deploy.0 = Release|Any CPU
		{CBD5A0F5-7921-4E97-9667-A7020D49A715}.Ad-Hoc|x86.ActiveCfg = Release|Any CPU
		{CBD5A0F5-7921-4E97-9667-A7020D49A715}.Ad-Hoc|x86.Build.0 = Release|Any CPU
		{CBD5A0F5-7921-4E97-9667-A7020D49A715}.Ad-Hoc|x86.Deploy.0 = Release|Any CPU
		{CBD5A0F5-7921-4E97-9667-A7020D49A715}.AppStore|Any CPU.ActiveCfg = Release|Any CPU
		{CBD5A0F5-7921-4E97-9667-A7020D49A715}.AppStore|Any CPU.Build.0 = Release|Any CPU
		{CBD5A0F5-7921-4E97-9667-A7020D49A715}.AppStore|Any CPU.Deploy.0 = Release|Any CPU
		{CBD5A0F5-7921-4E97-9667-A7020D49A715}.AppStore|ARM.ActiveCfg = Release|Any CPU
		{CBD5A0F5-7921-4E97-9667-A7020D49A715}.AppStore|ARM.Build.0 = Release|Any CPU
		{CBD5A0F5-7921-4E97-9667-A7020D49A715}.AppStore|ARM.Deploy.0 = Release|Any CPU
		{CBD5A0F5-7921-4E97-9667-A7020D49A715}.AppStore|iPhone.ActiveCfg = Release|Any CPU
		{CBD5A0F5-7921-4E97-9667-A7020D49A715}.AppStore|iPhone.Build.0 = Release|Any CPU
		{CBD5A0F5-7921-4E97-9667-A7020D49A715}.AppStore|iPhone.Deploy.0 = Release|Any CPU
		{CBD5A0F5-7921-4E97-9667-A7020D49A715}.AppStore|iPhoneSimulator.ActiveCfg = Release|Any CPU
		{CBD5A0F5-7921-4E97-9667-A7020D49A715}.AppStore|iPhoneSimulator.Build.0 = Release|Any CPU
		{CBD5A0F5-7921-4E97-9667-A7020D49A715}.AppStore|iPhoneSimulator.Deploy.0 = Release|Any CPU
		{CBD5A0F5-7921-4E97-9667-A7020D49A715}.AppStore|x64.ActiveCfg = Release|Any CPU
		{CBD5A0F5-7921-4E97-9667-A7020D49A715}.AppStore|x64.Build.0 = Release|Any CPU
		{CBD5A0F5-7921-4E97-9667-A7020D49A715}.AppStore|x64.Deploy.0 = Release|Any CPU
		{CBD5A0F5-7921-4E97-9667-A7020D49A715}.AppStore|x86.ActiveCfg = Release|Any CPU
		{CBD5A0F5-7921-4E97-9667-A7020D49A715}.AppStore|x86.Build.0 = Release|Any CPU
		{CBD5A0F5-7921-4E97-9667-A7020D49A715}.AppStore|x86.Deploy.0 = Release|Any CPU
		{CBD5A0F5-7921-4E97-9667-A7020D49A715}.Debug|Any CPU.ActiveCfg = Debug|Any CPU
		{CBD5A0F5-7921-4E97-9667-A7020D49A715}.Debug|Any CPU.Build.0 = Debug|Any CPU
		{CBD5A0F5-7921-4E97-9667-A7020D49A715}.Debug|Any CPU.Deploy.0 = Debug|Any CPU
		{CBD5A0F5-7921-4E97-9667-A7020D49A715}.Debug|ARM.ActiveCfg = Debug|Any CPU
		{CBD5A0F5-7921-4E97-9667-A7020D49A715}.Debug|ARM.Build.0 = Debug|Any CPU
		{CBD5A0F5-7921-4E97-9667-A7020D49A715}.Debug|ARM.Deploy.0 = Debug|Any CPU
		{CBD5A0F5-7921-4E97-9667-A7020D49A715}.Debug|iPhone.ActiveCfg = Debug|Any CPU
		{CBD5A0F5-7921-4E97-9667-A7020D49A715}.Debug|iPhone.Build.0 = Debug|Any CPU
		{CBD5A0F5-7921-4E97-9667-A7020D49A715}.Debug|iPhone.Deploy.0 = Debug|Any CPU
		{CBD5A0F5-7921-4E97-9667-A7020D49A715}.Debug|iPhoneSimulator.ActiveCfg = Debug|Any CPU
		{CBD5A0F5-7921-4E97-9667-A7020D49A715}.Debug|iPhoneSimulator.Build.0 = Debug|Any CPU
		{CBD5A0F5-7921-4E97-9667-A7020D49A715}.Debug|iPhoneSimulator.Deploy.0 = Debug|Any CPU
		{CBD5A0F5-7921-4E97-9667-A7020D49A715}.Debug|x64.ActiveCfg = Debug|Any CPU
		{CBD5A0F5-7921-4E97-9667-A7020D49A715}.Debug|x64.Build.0 = Debug|Any CPU
		{CBD5A0F5-7921-4E97-9667-A7020D49A715}.Debug|x64.Deploy.0 = Debug|Any CPU
		{CBD5A0F5-7921-4E97-9667-A7020D49A715}.Debug|x86.ActiveCfg = Debug|Any CPU
		{CBD5A0F5-7921-4E97-9667-A7020D49A715}.Debug|x86.Build.0 = Debug|Any CPU
		{CBD5A0F5-7921-4E97-9667-A7020D49A715}.Debug|x86.Deploy.0 = Debug|Any CPU
		{CBD5A0F5-7921-4E97-9667-A7020D49A715}.Release|Any CPU.ActiveCfg = Release|Any CPU
		{CBD5A0F5-7921-4E97-9667-A7020D49A715}.Release|Any CPU.Build.0 = Release|Any CPU
		{CBD5A0F5-7921-4E97-9667-A7020D49A715}.Release|Any CPU.Deploy.0 = Release|Any CPU
		{CBD5A0F5-7921-4E97-9667-A7020D49A715}.Release|ARM.ActiveCfg = Release|Any CPU
		{CBD5A0F5-7921-4E97-9667-A7020D49A715}.Release|ARM.Build.0 = Release|Any CPU
		{CBD5A0F5-7921-4E97-9667-A7020D49A715}.Release|ARM.Deploy.0 = Release|Any CPU
		{CBD5A0F5-7921-4E97-9667-A7020D49A715}.Release|iPhone.ActiveCfg = Release|Any CPU
		{CBD5A0F5-7921-4E97-9667-A7020D49A715}.Release|iPhone.Build.0 = Release|Any CPU
		{CBD5A0F5-7921-4E97-9667-A7020D49A715}.Release|iPhone.Deploy.0 = Release|Any CPU
		{CBD5A0F5-7921-4E97-9667-A7020D49A715}.Release|iPhoneSimulator.ActiveCfg = Release|Any CPU
		{CBD5A0F5-7921-4E97-9667-A7020D49A715}.Release|iPhoneSimulator.Build.0 = Release|Any CPU
		{CBD5A0F5-7921-4E97-9667-A7020D49A715}.Release|iPhoneSimulator.Deploy.0 = Release|Any CPU
		{CBD5A0F5-7921-4E97-9667-A7020D49A715}.Release|x64.ActiveCfg = Release|Any CPU
		{CBD5A0F5-7921-4E97-9667-A7020D49A715}.Release|x64.Build.0 = Release|Any CPU
		{CBD5A0F5-7921-4E97-9667-A7020D49A715}.Release|x64.Deploy.0 = Release|Any CPU
		{CBD5A0F5-7921-4E97-9667-A7020D49A715}.Release|x86.ActiveCfg = Release|Any CPU
		{CBD5A0F5-7921-4E97-9667-A7020D49A715}.Release|x86.Build.0 = Release|Any CPU
		{CBD5A0F5-7921-4E97-9667-A7020D49A715}.Release|x86.Deploy.0 = Release|Any CPU
		{396D8D1A-E297-43DF-9F1C-22980B4C54E5}.Ad-Hoc|Any CPU.ActiveCfg = Ad-Hoc|iPhone
		{396D8D1A-E297-43DF-9F1C-22980B4C54E5}.Ad-Hoc|ARM.ActiveCfg = Ad-Hoc|iPhone
		{396D8D1A-E297-43DF-9F1C-22980B4C54E5}.Ad-Hoc|iPhone.ActiveCfg = Ad-Hoc|iPhone
		{396D8D1A-E297-43DF-9F1C-22980B4C54E5}.Ad-Hoc|iPhone.Build.0 = Ad-Hoc|iPhone
		{396D8D1A-E297-43DF-9F1C-22980B4C54E5}.Ad-Hoc|iPhoneSimulator.ActiveCfg = Ad-Hoc|iPhoneSimulator
		{396D8D1A-E297-43DF-9F1C-22980B4C54E5}.Ad-Hoc|iPhoneSimulator.Build.0 = Ad-Hoc|iPhoneSimulator
		{396D8D1A-E297-43DF-9F1C-22980B4C54E5}.Ad-Hoc|x64.ActiveCfg = Ad-Hoc|iPhone
		{396D8D1A-E297-43DF-9F1C-22980B4C54E5}.Ad-Hoc|x86.ActiveCfg = Ad-Hoc|iPhone
		{396D8D1A-E297-43DF-9F1C-22980B4C54E5}.AppStore|Any CPU.ActiveCfg = AppStore|iPhone
		{396D8D1A-E297-43DF-9F1C-22980B4C54E5}.AppStore|ARM.ActiveCfg = AppStore|iPhone
		{396D8D1A-E297-43DF-9F1C-22980B4C54E5}.AppStore|iPhone.ActiveCfg = AppStore|iPhone
		{396D8D1A-E297-43DF-9F1C-22980B4C54E5}.AppStore|iPhone.Build.0 = AppStore|iPhone
		{396D8D1A-E297-43DF-9F1C-22980B4C54E5}.AppStore|iPhoneSimulator.ActiveCfg = AppStore|iPhoneSimulator
		{396D8D1A-E297-43DF-9F1C-22980B4C54E5}.AppStore|iPhoneSimulator.Build.0 = AppStore|iPhoneSimulator
		{396D8D1A-E297-43DF-9F1C-22980B4C54E5}.AppStore|x64.ActiveCfg = AppStore|iPhone
		{396D8D1A-E297-43DF-9F1C-22980B4C54E5}.AppStore|x86.ActiveCfg = AppStore|iPhone
		{396D8D1A-E297-43DF-9F1C-22980B4C54E5}.Debug|Any CPU.ActiveCfg = Debug|iPhone
		{396D8D1A-E297-43DF-9F1C-22980B4C54E5}.Debug|ARM.ActiveCfg = Debug|iPhone
		{396D8D1A-E297-43DF-9F1C-22980B4C54E5}.Debug|iPhone.ActiveCfg = Debug|iPhone
		{396D8D1A-E297-43DF-9F1C-22980B4C54E5}.Debug|iPhone.Build.0 = Debug|iPhone
		{396D8D1A-E297-43DF-9F1C-22980B4C54E5}.Debug|iPhoneSimulator.ActiveCfg = Debug|iPhoneSimulator
		{396D8D1A-E297-43DF-9F1C-22980B4C54E5}.Debug|iPhoneSimulator.Build.0 = Debug|iPhoneSimulator
		{396D8D1A-E297-43DF-9F1C-22980B4C54E5}.Debug|x64.ActiveCfg = Debug|iPhone
		{396D8D1A-E297-43DF-9F1C-22980B4C54E5}.Debug|x86.ActiveCfg = Debug|iPhone
		{396D8D1A-E297-43DF-9F1C-22980B4C54E5}.Release|Any CPU.ActiveCfg = Release|iPhone
		{396D8D1A-E297-43DF-9F1C-22980B4C54E5}.Release|ARM.ActiveCfg = Release|iPhone
		{396D8D1A-E297-43DF-9F1C-22980B4C54E5}.Release|iPhone.ActiveCfg = Release|iPhone
		{396D8D1A-E297-43DF-9F1C-22980B4C54E5}.Release|iPhone.Build.0 = Release|iPhone
		{396D8D1A-E297-43DF-9F1C-22980B4C54E5}.Release|iPhoneSimulator.ActiveCfg = Release|iPhoneSimulator
		{396D8D1A-E297-43DF-9F1C-22980B4C54E5}.Release|iPhoneSimulator.Build.0 = Release|iPhoneSimulator
		{396D8D1A-E297-43DF-9F1C-22980B4C54E5}.Release|x64.ActiveCfg = Release|iPhone
		{396D8D1A-E297-43DF-9F1C-22980B4C54E5}.Release|x86.ActiveCfg = Release|iPhone
		{F53EE0A8-B7F8-485A-BFB7-AD504D9967C0}.Ad-Hoc|Any CPU.ActiveCfg = Release|Any CPU
		{F53EE0A8-B7F8-485A-BFB7-AD504D9967C0}.Ad-Hoc|Any CPU.Build.0 = Release|Any CPU
		{F53EE0A8-B7F8-485A-BFB7-AD504D9967C0}.Ad-Hoc|Any CPU.Deploy.0 = Release|Any CPU
		{F53EE0A8-B7F8-485A-BFB7-AD504D9967C0}.Ad-Hoc|ARM.ActiveCfg = Release|ARM
		{F53EE0A8-B7F8-485A-BFB7-AD504D9967C0}.Ad-Hoc|ARM.Build.0 = Release|ARM
		{F53EE0A8-B7F8-485A-BFB7-AD504D9967C0}.Ad-Hoc|ARM.Deploy.0 = Release|ARM
		{F53EE0A8-B7F8-485A-BFB7-AD504D9967C0}.Ad-Hoc|iPhone.ActiveCfg = Release|Any CPU
		{F53EE0A8-B7F8-485A-BFB7-AD504D9967C0}.Ad-Hoc|iPhone.Build.0 = Release|Any CPU
		{F53EE0A8-B7F8-485A-BFB7-AD504D9967C0}.Ad-Hoc|iPhone.Deploy.0 = Release|Any CPU
		{F53EE0A8-B7F8-485A-BFB7-AD504D9967C0}.Ad-Hoc|iPhoneSimulator.ActiveCfg = Release|Any CPU
		{F53EE0A8-B7F8-485A-BFB7-AD504D9967C0}.Ad-Hoc|iPhoneSimulator.Build.0 = Release|Any CPU
		{F53EE0A8-B7F8-485A-BFB7-AD504D9967C0}.Ad-Hoc|iPhoneSimulator.Deploy.0 = Release|Any CPU
		{F53EE0A8-B7F8-485A-BFB7-AD504D9967C0}.Ad-Hoc|x64.ActiveCfg = Release|Any CPU
		{F53EE0A8-B7F8-485A-BFB7-AD504D9967C0}.Ad-Hoc|x64.Build.0 = Release|Any CPU
		{F53EE0A8-B7F8-485A-BFB7-AD504D9967C0}.Ad-Hoc|x64.Deploy.0 = Release|Any CPU
		{F53EE0A8-B7F8-485A-BFB7-AD504D9967C0}.Ad-Hoc|x86.ActiveCfg = Release|x86
		{F53EE0A8-B7F8-485A-BFB7-AD504D9967C0}.Ad-Hoc|x86.Build.0 = Release|x86
		{F53EE0A8-B7F8-485A-BFB7-AD504D9967C0}.Ad-Hoc|x86.Deploy.0 = Release|x86
		{F53EE0A8-B7F8-485A-BFB7-AD504D9967C0}.AppStore|Any CPU.ActiveCfg = Release|Any CPU
		{F53EE0A8-B7F8-485A-BFB7-AD504D9967C0}.AppStore|Any CPU.Build.0 = Release|Any CPU
		{F53EE0A8-B7F8-485A-BFB7-AD504D9967C0}.AppStore|Any CPU.Deploy.0 = Release|Any CPU
		{F53EE0A8-B7F8-485A-BFB7-AD504D9967C0}.AppStore|ARM.ActiveCfg = Release|ARM
		{F53EE0A8-B7F8-485A-BFB7-AD504D9967C0}.AppStore|ARM.Build.0 = Release|ARM
		{F53EE0A8-B7F8-485A-BFB7-AD504D9967C0}.AppStore|ARM.Deploy.0 = Release|ARM
		{F53EE0A8-B7F8-485A-BFB7-AD504D9967C0}.AppStore|iPhone.ActiveCfg = Release|Any CPU
		{F53EE0A8-B7F8-485A-BFB7-AD504D9967C0}.AppStore|iPhone.Build.0 = Release|Any CPU
		{F53EE0A8-B7F8-485A-BFB7-AD504D9967C0}.AppStore|iPhone.Deploy.0 = Release|Any CPU
		{F53EE0A8-B7F8-485A-BFB7-AD504D9967C0}.AppStore|iPhoneSimulator.ActiveCfg = Release|Any CPU
		{F53EE0A8-B7F8-485A-BFB7-AD504D9967C0}.AppStore|iPhoneSimulator.Build.0 = Release|Any CPU
		{F53EE0A8-B7F8-485A-BFB7-AD504D9967C0}.AppStore|iPhoneSimulator.Deploy.0 = Release|Any CPU
		{F53EE0A8-B7F8-485A-BFB7-AD504D9967C0}.AppStore|x64.ActiveCfg = Release|Any CPU
		{F53EE0A8-B7F8-485A-BFB7-AD504D9967C0}.AppStore|x64.Build.0 = Release|Any CPU
		{F53EE0A8-B7F8-485A-BFB7-AD504D9967C0}.AppStore|x64.Deploy.0 = Release|Any CPU
		{F53EE0A8-B7F8-485A-BFB7-AD504D9967C0}.AppStore|x86.ActiveCfg = Release|x86
		{F53EE0A8-B7F8-485A-BFB7-AD504D9967C0}.AppStore|x86.Build.0 = Release|x86
		{F53EE0A8-B7F8-485A-BFB7-AD504D9967C0}.AppStore|x86.Deploy.0 = Release|x86
		{F53EE0A8-B7F8-485A-BFB7-AD504D9967C0}.Debug|Any CPU.ActiveCfg = Debug|Any CPU
		{F53EE0A8-B7F8-485A-BFB7-AD504D9967C0}.Debug|Any CPU.Build.0 = Debug|Any CPU
		{F53EE0A8-B7F8-485A-BFB7-AD504D9967C0}.Debug|Any CPU.Deploy.0 = Debug|Any CPU
		{F53EE0A8-B7F8-485A-BFB7-AD504D9967C0}.Debug|ARM.ActiveCfg = Debug|ARM
		{F53EE0A8-B7F8-485A-BFB7-AD504D9967C0}.Debug|ARM.Build.0 = Debug|ARM
		{F53EE0A8-B7F8-485A-BFB7-AD504D9967C0}.Debug|ARM.Deploy.0 = Debug|ARM
		{F53EE0A8-B7F8-485A-BFB7-AD504D9967C0}.Debug|iPhone.ActiveCfg = Debug|Any CPU
		{F53EE0A8-B7F8-485A-BFB7-AD504D9967C0}.Debug|iPhone.Build.0 = Debug|Any CPU
		{F53EE0A8-B7F8-485A-BFB7-AD504D9967C0}.Debug|iPhone.Deploy.0 = Debug|Any CPU
		{F53EE0A8-B7F8-485A-BFB7-AD504D9967C0}.Debug|iPhoneSimulator.ActiveCfg = Debug|Any CPU
		{F53EE0A8-B7F8-485A-BFB7-AD504D9967C0}.Debug|iPhoneSimulator.Build.0 = Debug|Any CPU
		{F53EE0A8-B7F8-485A-BFB7-AD504D9967C0}.Debug|iPhoneSimulator.Deploy.0 = Debug|Any CPU
		{F53EE0A8-B7F8-485A-BFB7-AD504D9967C0}.Debug|x64.ActiveCfg = Debug|Any CPU
		{F53EE0A8-B7F8-485A-BFB7-AD504D9967C0}.Debug|x64.Build.0 = Debug|Any CPU
		{F53EE0A8-B7F8-485A-BFB7-AD504D9967C0}.Debug|x64.Deploy.0 = Debug|Any CPU
		{F53EE0A8-B7F8-485A-BFB7-AD504D9967C0}.Debug|x86.ActiveCfg = Debug|x86
		{F53EE0A8-B7F8-485A-BFB7-AD504D9967C0}.Debug|x86.Build.0 = Debug|x86
		{F53EE0A8-B7F8-485A-BFB7-AD504D9967C0}.Debug|x86.Deploy.0 = Debug|x86
		{F53EE0A8-B7F8-485A-BFB7-AD504D9967C0}.Release|Any CPU.ActiveCfg = Release|Any CPU
		{F53EE0A8-B7F8-485A-BFB7-AD504D9967C0}.Release|Any CPU.Build.0 = Release|Any CPU
		{F53EE0A8-B7F8-485A-BFB7-AD504D9967C0}.Release|Any CPU.Deploy.0 = Release|Any CPU
		{F53EE0A8-B7F8-485A-BFB7-AD504D9967C0}.Release|ARM.ActiveCfg = Release|ARM
		{F53EE0A8-B7F8-485A-BFB7-AD504D9967C0}.Release|ARM.Build.0 = Release|ARM
		{F53EE0A8-B7F8-485A-BFB7-AD504D9967C0}.Release|ARM.Deploy.0 = Release|ARM
		{F53EE0A8-B7F8-485A-BFB7-AD504D9967C0}.Release|iPhone.ActiveCfg = Release|Any CPU
		{F53EE0A8-B7F8-485A-BFB7-AD504D9967C0}.Release|iPhone.Build.0 = Release|Any CPU
		{F53EE0A8-B7F8-485A-BFB7-AD504D9967C0}.Release|iPhone.Deploy.0 = Release|Any CPU
		{F53EE0A8-B7F8-485A-BFB7-AD504D9967C0}.Release|iPhoneSimulator.ActiveCfg = Release|Any CPU
		{F53EE0A8-B7F8-485A-BFB7-AD504D9967C0}.Release|iPhoneSimulator.Build.0 = Release|Any CPU
		{F53EE0A8-B7F8-485A-BFB7-AD504D9967C0}.Release|iPhoneSimulator.Deploy.0 = Release|Any CPU
		{F53EE0A8-B7F8-485A-BFB7-AD504D9967C0}.Release|x64.ActiveCfg = Release|Any CPU
		{F53EE0A8-B7F8-485A-BFB7-AD504D9967C0}.Release|x64.Build.0 = Release|Any CPU
		{F53EE0A8-B7F8-485A-BFB7-AD504D9967C0}.Release|x64.Deploy.0 = Release|Any CPU
		{F53EE0A8-B7F8-485A-BFB7-AD504D9967C0}.Release|x86.ActiveCfg = Release|x86
		{F53EE0A8-B7F8-485A-BFB7-AD504D9967C0}.Release|x86.Build.0 = Release|x86
		{F53EE0A8-B7F8-485A-BFB7-AD504D9967C0}.Release|x86.Deploy.0 = Release|x86
		{7D9FD1D8-C6F0-4CBC-A30D-8397E0D842FF}.Ad-Hoc|Any CPU.ActiveCfg = Release|x86
		{7D9FD1D8-C6F0-4CBC-A30D-8397E0D842FF}.Ad-Hoc|Any CPU.Build.0 = Release|x86
		{7D9FD1D8-C6F0-4CBC-A30D-8397E0D842FF}.Ad-Hoc|Any CPU.Deploy.0 = Release|x86
		{7D9FD1D8-C6F0-4CBC-A30D-8397E0D842FF}.Ad-Hoc|ARM.ActiveCfg = Release|ARM
		{7D9FD1D8-C6F0-4CBC-A30D-8397E0D842FF}.Ad-Hoc|ARM.Build.0 = Release|ARM
		{7D9FD1D8-C6F0-4CBC-A30D-8397E0D842FF}.Ad-Hoc|ARM.Deploy.0 = Release|ARM
		{7D9FD1D8-C6F0-4CBC-A30D-8397E0D842FF}.Ad-Hoc|iPhone.ActiveCfg = Release|x86
		{7D9FD1D8-C6F0-4CBC-A30D-8397E0D842FF}.Ad-Hoc|iPhone.Build.0 = Release|x86
		{7D9FD1D8-C6F0-4CBC-A30D-8397E0D842FF}.Ad-Hoc|iPhone.Deploy.0 = Release|x86
		{7D9FD1D8-C6F0-4CBC-A30D-8397E0D842FF}.Ad-Hoc|iPhoneSimulator.ActiveCfg = Release|x86
		{7D9FD1D8-C6F0-4CBC-A30D-8397E0D842FF}.Ad-Hoc|iPhoneSimulator.Build.0 = Release|x86
		{7D9FD1D8-C6F0-4CBC-A30D-8397E0D842FF}.Ad-Hoc|iPhoneSimulator.Deploy.0 = Release|x86
		{7D9FD1D8-C6F0-4CBC-A30D-8397E0D842FF}.Ad-Hoc|x64.ActiveCfg = Release|x64
		{7D9FD1D8-C6F0-4CBC-A30D-8397E0D842FF}.Ad-Hoc|x64.Build.0 = Release|x64
		{7D9FD1D8-C6F0-4CBC-A30D-8397E0D842FF}.Ad-Hoc|x64.Deploy.0 = Release|x64
		{7D9FD1D8-C6F0-4CBC-A30D-8397E0D842FF}.Ad-Hoc|x86.ActiveCfg = Release|x86
		{7D9FD1D8-C6F0-4CBC-A30D-8397E0D842FF}.Ad-Hoc|x86.Build.0 = Release|x86
		{7D9FD1D8-C6F0-4CBC-A30D-8397E0D842FF}.Ad-Hoc|x86.Deploy.0 = Release|x86
		{7D9FD1D8-C6F0-4CBC-A30D-8397E0D842FF}.AppStore|Any CPU.ActiveCfg = Release|x86
		{7D9FD1D8-C6F0-4CBC-A30D-8397E0D842FF}.AppStore|Any CPU.Build.0 = Release|x86
		{7D9FD1D8-C6F0-4CBC-A30D-8397E0D842FF}.AppStore|Any CPU.Deploy.0 = Release|x86
		{7D9FD1D8-C6F0-4CBC-A30D-8397E0D842FF}.AppStore|ARM.ActiveCfg = Release|ARM
		{7D9FD1D8-C6F0-4CBC-A30D-8397E0D842FF}.AppStore|ARM.Build.0 = Release|ARM
		{7D9FD1D8-C6F0-4CBC-A30D-8397E0D842FF}.AppStore|ARM.Deploy.0 = Release|ARM
		{7D9FD1D8-C6F0-4CBC-A30D-8397E0D842FF}.AppStore|iPhone.ActiveCfg = Release|x86
		{7D9FD1D8-C6F0-4CBC-A30D-8397E0D842FF}.AppStore|iPhone.Build.0 = Release|x86
		{7D9FD1D8-C6F0-4CBC-A30D-8397E0D842FF}.AppStore|iPhone.Deploy.0 = Release|x86
		{7D9FD1D8-C6F0-4CBC-A30D-8397E0D842FF}.AppStore|iPhoneSimulator.ActiveCfg = Release|x86
		{7D9FD1D8-C6F0-4CBC-A30D-8397E0D842FF}.AppStore|iPhoneSimulator.Build.0 = Release|x86
		{7D9FD1D8-C6F0-4CBC-A30D-8397E0D842FF}.AppStore|iPhoneSimulator.Deploy.0 = Release|x86
		{7D9FD1D8-C6F0-4CBC-A30D-8397E0D842FF}.AppStore|x64.ActiveCfg = Release|x64
		{7D9FD1D8-C6F0-4CBC-A30D-8397E0D842FF}.AppStore|x64.Build.0 = Release|x64
		{7D9FD1D8-C6F0-4CBC-A30D-8397E0D842FF}.AppStore|x64.Deploy.0 = Release|x64
		{7D9FD1D8-C6F0-4CBC-A30D-8397E0D842FF}.AppStore|x86.ActiveCfg = Release|x86
		{7D9FD1D8-C6F0-4CBC-A30D-8397E0D842FF}.AppStore|x86.Build.0 = Release|x86
		{7D9FD1D8-C6F0-4CBC-A30D-8397E0D842FF}.AppStore|x86.Deploy.0 = Release|x86
		{7D9FD1D8-C6F0-4CBC-A30D-8397E0D842FF}.Debug|Any CPU.ActiveCfg = Debug|x86
		{7D9FD1D8-C6F0-4CBC-A30D-8397E0D842FF}.Debug|ARM.ActiveCfg = Debug|ARM
		{7D9FD1D8-C6F0-4CBC-A30D-8397E0D842FF}.Debug|ARM.Build.0 = Debug|ARM
		{7D9FD1D8-C6F0-4CBC-A30D-8397E0D842FF}.Debug|ARM.Deploy.0 = Debug|ARM
		{7D9FD1D8-C6F0-4CBC-A30D-8397E0D842FF}.Debug|iPhone.ActiveCfg = Debug|x86
		{7D9FD1D8-C6F0-4CBC-A30D-8397E0D842FF}.Debug|iPhoneSimulator.ActiveCfg = Debug|x86
		{7D9FD1D8-C6F0-4CBC-A30D-8397E0D842FF}.Debug|x64.ActiveCfg = Debug|x64
		{7D9FD1D8-C6F0-4CBC-A30D-8397E0D842FF}.Debug|x64.Build.0 = Debug|x64
		{7D9FD1D8-C6F0-4CBC-A30D-8397E0D842FF}.Debug|x64.Deploy.0 = Debug|x64
		{7D9FD1D8-C6F0-4CBC-A30D-8397E0D842FF}.Debug|x86.ActiveCfg = Debug|x86
		{7D9FD1D8-C6F0-4CBC-A30D-8397E0D842FF}.Debug|x86.Build.0 = Debug|x86
		{7D9FD1D8-C6F0-4CBC-A30D-8397E0D842FF}.Debug|x86.Deploy.0 = Debug|x86
		{7D9FD1D8-C6F0-4CBC-A30D-8397E0D842FF}.Release|Any CPU.ActiveCfg = Release|x86
		{7D9FD1D8-C6F0-4CBC-A30D-8397E0D842FF}.Release|ARM.ActiveCfg = Release|ARM
		{7D9FD1D8-C6F0-4CBC-A30D-8397E0D842FF}.Release|ARM.Build.0 = Release|ARM
		{7D9FD1D8-C6F0-4CBC-A30D-8397E0D842FF}.Release|ARM.Deploy.0 = Release|ARM
		{7D9FD1D8-C6F0-4CBC-A30D-8397E0D842FF}.Release|iPhone.ActiveCfg = Release|x86
		{7D9FD1D8-C6F0-4CBC-A30D-8397E0D842FF}.Release|iPhoneSimulator.ActiveCfg = Release|x86
		{7D9FD1D8-C6F0-4CBC-A30D-8397E0D842FF}.Release|x64.ActiveCfg = Release|x64
		{7D9FD1D8-C6F0-4CBC-A30D-8397E0D842FF}.Release|x64.Build.0 = Release|x64
		{7D9FD1D8-C6F0-4CBC-A30D-8397E0D842FF}.Release|x64.Deploy.0 = Release|x64
		{7D9FD1D8-C6F0-4CBC-A30D-8397E0D842FF}.Release|x86.ActiveCfg = Release|x86
		{7D9FD1D8-C6F0-4CBC-A30D-8397E0D842FF}.Release|x86.Build.0 = Release|x86
		{7D9FD1D8-C6F0-4CBC-A30D-8397E0D842FF}.Release|x86.Deploy.0 = Release|x86
		{E536B07B-F77C-4F03-AF87-24857099E161}.Ad-Hoc|Any CPU.ActiveCfg = Release|Any CPU
		{E536B07B-F77C-4F03-AF87-24857099E161}.Ad-Hoc|Any CPU.Build.0 = Release|Any CPU
		{E536B07B-F77C-4F03-AF87-24857099E161}.Ad-Hoc|Any CPU.Deploy.0 = Release|Any CPU
		{E536B07B-F77C-4F03-AF87-24857099E161}.Ad-Hoc|ARM.ActiveCfg = Release|ARM
		{E536B07B-F77C-4F03-AF87-24857099E161}.Ad-Hoc|ARM.Build.0 = Release|ARM
		{E536B07B-F77C-4F03-AF87-24857099E161}.Ad-Hoc|ARM.Deploy.0 = Release|ARM
		{E536B07B-F77C-4F03-AF87-24857099E161}.Ad-Hoc|iPhone.ActiveCfg = Release|Any CPU
		{E536B07B-F77C-4F03-AF87-24857099E161}.Ad-Hoc|iPhone.Build.0 = Release|Any CPU
		{E536B07B-F77C-4F03-AF87-24857099E161}.Ad-Hoc|iPhone.Deploy.0 = Release|Any CPU
		{E536B07B-F77C-4F03-AF87-24857099E161}.Ad-Hoc|iPhoneSimulator.ActiveCfg = Release|Any CPU
		{E536B07B-F77C-4F03-AF87-24857099E161}.Ad-Hoc|iPhoneSimulator.Build.0 = Release|Any CPU
		{E536B07B-F77C-4F03-AF87-24857099E161}.Ad-Hoc|iPhoneSimulator.Deploy.0 = Release|Any CPU
		{E536B07B-F77C-4F03-AF87-24857099E161}.Ad-Hoc|x64.ActiveCfg = Release|x64
		{E536B07B-F77C-4F03-AF87-24857099E161}.Ad-Hoc|x64.Build.0 = Release|x64
		{E536B07B-F77C-4F03-AF87-24857099E161}.Ad-Hoc|x64.Deploy.0 = Release|x64
		{E536B07B-F77C-4F03-AF87-24857099E161}.Ad-Hoc|x86.ActiveCfg = Release|x86
		{E536B07B-F77C-4F03-AF87-24857099E161}.Ad-Hoc|x86.Build.0 = Release|x86
		{E536B07B-F77C-4F03-AF87-24857099E161}.Ad-Hoc|x86.Deploy.0 = Release|x86
		{E536B07B-F77C-4F03-AF87-24857099E161}.AppStore|Any CPU.ActiveCfg = Release|Any CPU
		{E536B07B-F77C-4F03-AF87-24857099E161}.AppStore|Any CPU.Build.0 = Release|Any CPU
		{E536B07B-F77C-4F03-AF87-24857099E161}.AppStore|Any CPU.Deploy.0 = Release|Any CPU
		{E536B07B-F77C-4F03-AF87-24857099E161}.AppStore|ARM.ActiveCfg = Release|ARM
		{E536B07B-F77C-4F03-AF87-24857099E161}.AppStore|ARM.Build.0 = Release|ARM
		{E536B07B-F77C-4F03-AF87-24857099E161}.AppStore|ARM.Deploy.0 = Release|ARM
		{E536B07B-F77C-4F03-AF87-24857099E161}.AppStore|iPhone.ActiveCfg = Release|Any CPU
		{E536B07B-F77C-4F03-AF87-24857099E161}.AppStore|iPhone.Build.0 = Release|Any CPU
		{E536B07B-F77C-4F03-AF87-24857099E161}.AppStore|iPhone.Deploy.0 = Release|Any CPU
		{E536B07B-F77C-4F03-AF87-24857099E161}.AppStore|iPhoneSimulator.ActiveCfg = Release|Any CPU
		{E536B07B-F77C-4F03-AF87-24857099E161}.AppStore|iPhoneSimulator.Build.0 = Release|Any CPU
		{E536B07B-F77C-4F03-AF87-24857099E161}.AppStore|iPhoneSimulator.Deploy.0 = Release|Any CPU
		{E536B07B-F77C-4F03-AF87-24857099E161}.AppStore|x64.ActiveCfg = Release|x64
		{E536B07B-F77C-4F03-AF87-24857099E161}.AppStore|x64.Build.0 = Release|x64
		{E536B07B-F77C-4F03-AF87-24857099E161}.AppStore|x64.Deploy.0 = Release|x64
		{E536B07B-F77C-4F03-AF87-24857099E161}.AppStore|x86.ActiveCfg = Release|x86
		{E536B07B-F77C-4F03-AF87-24857099E161}.AppStore|x86.Build.0 = Release|x86
		{E536B07B-F77C-4F03-AF87-24857099E161}.AppStore|x86.Deploy.0 = Release|x86
		{E536B07B-F77C-4F03-AF87-24857099E161}.Debug|Any CPU.ActiveCfg = Debug|Any CPU
		{E536B07B-F77C-4F03-AF87-24857099E161}.Debug|Any CPU.Build.0 = Debug|Any CPU
		{E536B07B-F77C-4F03-AF87-24857099E161}.Debug|Any CPU.Deploy.0 = Debug|Any CPU
		{E536B07B-F77C-4F03-AF87-24857099E161}.Debug|ARM.ActiveCfg = Debug|ARM
		{E536B07B-F77C-4F03-AF87-24857099E161}.Debug|ARM.Build.0 = Debug|ARM
		{E536B07B-F77C-4F03-AF87-24857099E161}.Debug|ARM.Deploy.0 = Debug|ARM
		{E536B07B-F77C-4F03-AF87-24857099E161}.Debug|iPhone.ActiveCfg = Debug|Any CPU
		{E536B07B-F77C-4F03-AF87-24857099E161}.Debug|iPhone.Build.0 = Debug|Any CPU
		{E536B07B-F77C-4F03-AF87-24857099E161}.Debug|iPhone.Deploy.0 = Debug|Any CPU
		{E536B07B-F77C-4F03-AF87-24857099E161}.Debug|iPhoneSimulator.ActiveCfg = Debug|Any CPU
		{E536B07B-F77C-4F03-AF87-24857099E161}.Debug|iPhoneSimulator.Build.0 = Debug|Any CPU
		{E536B07B-F77C-4F03-AF87-24857099E161}.Debug|iPhoneSimulator.Deploy.0 = Debug|Any CPU
		{E536B07B-F77C-4F03-AF87-24857099E161}.Debug|x64.ActiveCfg = Debug|x64
		{E536B07B-F77C-4F03-AF87-24857099E161}.Debug|x64.Build.0 = Debug|x64
		{E536B07B-F77C-4F03-AF87-24857099E161}.Debug|x64.Deploy.0 = Debug|x64
		{E536B07B-F77C-4F03-AF87-24857099E161}.Debug|x86.ActiveCfg = Debug|x86
		{E536B07B-F77C-4F03-AF87-24857099E161}.Debug|x86.Build.0 = Debug|x86
		{E536B07B-F77C-4F03-AF87-24857099E161}.Debug|x86.Deploy.0 = Debug|x86
		{E536B07B-F77C-4F03-AF87-24857099E161}.Release|Any CPU.ActiveCfg = Release|Any CPU
		{E536B07B-F77C-4F03-AF87-24857099E161}.Release|Any CPU.Build.0 = Release|Any CPU
		{E536B07B-F77C-4F03-AF87-24857099E161}.Release|Any CPU.Deploy.0 = Release|Any CPU
		{E536B07B-F77C-4F03-AF87-24857099E161}.Release|ARM.ActiveCfg = Release|ARM
		{E536B07B-F77C-4F03-AF87-24857099E161}.Release|ARM.Build.0 = Release|ARM
		{E536B07B-F77C-4F03-AF87-24857099E161}.Release|ARM.Deploy.0 = Release|ARM
		{E536B07B-F77C-4F03-AF87-24857099E161}.Release|iPhone.ActiveCfg = Release|Any CPU
		{E536B07B-F77C-4F03-AF87-24857099E161}.Release|iPhone.Build.0 = Release|Any CPU
		{E536B07B-F77C-4F03-AF87-24857099E161}.Release|iPhone.Deploy.0 = Release|Any CPU
		{E536B07B-F77C-4F03-AF87-24857099E161}.Release|iPhoneSimulator.ActiveCfg = Release|Any CPU
		{E536B07B-F77C-4F03-AF87-24857099E161}.Release|iPhoneSimulator.Build.0 = Release|Any CPU
		{E536B07B-F77C-4F03-AF87-24857099E161}.Release|iPhoneSimulator.Deploy.0 = Release|Any CPU
		{E536B07B-F77C-4F03-AF87-24857099E161}.Release|x64.ActiveCfg = Release|x64
		{E536B07B-F77C-4F03-AF87-24857099E161}.Release|x64.Build.0 = Release|x64
		{E536B07B-F77C-4F03-AF87-24857099E161}.Release|x64.Deploy.0 = Release|x64
		{E536B07B-F77C-4F03-AF87-24857099E161}.Release|x86.ActiveCfg = Release|x86
		{E536B07B-F77C-4F03-AF87-24857099E161}.Release|x86.Build.0 = Release|x86
		{E536B07B-F77C-4F03-AF87-24857099E161}.Release|x86.Deploy.0 = Release|x86
	EndGlobalSection
	GlobalSection(SolutionProperties) = preSolution
		HideSolutionNode = FALSE
	EndGlobalSection
EndGlobal
